
Microsoft Visual Studio Solution File, Format Version 12.00
# Visual Studio Version 16
VisualStudioVersion = 16.0.29519.87
MinimumVisualStudioVersion = 10.0.40219.1
Project("{FAE04EC0-301F-11D3-BF4B-00C04F79EFBC}") = "ClientSideTestImage", "ClientSideTestImage\ClientSideTestImage.csproj", "{B4CB433E-C579-487E-87A5-2B101ABEBCA5}"
EndProject
Global
	GlobalSection(SolutionConfigurationPlatforms) = preSolution
		Debug|Any CPU = Debug|Any CPU
		Release|Any CPU = Release|Any CPU
	EndGlobalSection
	GlobalSection(ProjectConfigurationPlatforms) = postSolution
		{B4CB433E-C579-487E-87A5-2B101ABEBCA5}.Debug|Any CPU.ActiveCfg = Debug|Any CPU
		{B4CB433E-C579-487E-87A5-2B101ABEBCA5}.Debug|Any CPU.Build.0 = Debug|Any CPU
		{B4CB433E-C579-487E-87A5-2B101ABEBCA5}.Release|Any CPU.ActiveCfg = Release|Any CPU
		{B4CB433E-C579-487E-87A5-2B101ABEBCA5}.Release|Any CPU.Build.0 = Release|Any CPU
	EndGlobalSection
	GlobalSection(SolutionProperties) = preSolution
		HideSolutionNode = FALSE
	EndGlobalSection
	GlobalSection(ExtensibilityGlobals) = postSolution
		SolutionGuid = {D5960CCB-B4F6-4D0E-9F4B-C8C05ECC7AFD}
	EndGlobalSection
EndGlobal
